// !$*UTF8*$!
{
	archiveVersion = 1;
	classes = {
	};
	objectVersion = 46;
	objects = {

/* Begin PBXBuildFile section */
		270DCF8D175CA27600004E6A /* FnKeysHIKeyboard.cpp in Sources */ = {isa = PBXBuildFile; fileRef = 270DCF89175CA27600004E6A /* FnKeysHIKeyboard.cpp */; };
		270DCF8E175CA27600004E6A /* FnKeysHIKeyboard.h in Headers */ = {isa = PBXBuildFile; fileRef = 270DCF8A175CA27600004E6A /* FnKeysHIKeyboard.h */; };
		270DCF8F175CA27600004E6A /* FnKeysHIKeyboardDevice.cpp in Sources */ = {isa = PBXBuildFile; fileRef = 270DCF8B175CA27600004E6A /* FnKeysHIKeyboardDevice.cpp */; };
		270DCF90175CA27600004E6A /* FnKeysHIKeyboardDevice.h in Headers */ = {isa = PBXBuildFile; fileRef = 270DCF8C175CA27600004E6A /* FnKeysHIKeyboardDevice.h */; };
		27F96E0216333B72003A6255 /* AsusFnKeys.cpp in Sources */ = {isa = PBXBuildFile; fileRef = 27F96E0116333B72003A6255 /* AsusFnKeys.cpp */; };
		4C0FAD28212B29680016CFFB /* main.m in Sources */ = {isa = PBXBuildFile; fileRef = 4C0FAD27212B29680016CFFB /* main.m */; };
		4C115058212BBE7E00888D25 /* CoreWLAN.framework in Frameworks */ = {isa = PBXBuildFile; fileRef = 4C115057212BBE7E00888D25 /* CoreWLAN.framework */; };
		4C11505A212BCA6300888D25 /* IOBluetooth.framework in Frameworks */ = {isa = PBXBuildFile; fileRef = 4C115059212BCA6300888D25 /* IOBluetooth.framework */; };
		4C1FD87A212B275600FB5745 /* KernEventServer.cpp in Sources */ = {isa = PBXBuildFile; fileRef = 4C1FD878212B275600FB5745 /* KernEventServer.cpp */; };
		4C1FD87B212B275600FB5745 /* KernEventServer.h in Headers */ = {isa = PBXBuildFile; fileRef = 4C1FD879212B275600FB5745 /* KernEventServer.h */; };
/* End PBXBuildFile section */

/* Begin PBXCopyFilesBuildPhase section */
		27F96E2816333F0D003A6255 /* CopyFiles */ = {
			isa = PBXCopyFilesBuildPhase;
			buildActionMask = 2147483647;
			dstPath = "";
			dstSubfolderSpec = 13;
			files = (
			);
			runOnlyForDeploymentPostprocessing = 0;
		};
		4C0FAD23212B29680016CFFB /* CopyFiles */ = {
			isa = PBXCopyFilesBuildPhase;
			buildActionMask = 2147483647;
			dstPath = /usr/share/man/man1/;
			dstSubfolderSpec = 0;
			files = (
			);
			runOnlyForDeploymentPostprocessing = 1;
		};
/* End PBXCopyFilesBuildPhase section */

/* Begin PBXFileReference section */
		00BD7F81225F67AB00CF4707 /* Lilu.kext */ = {isa = PBXFileReference; lastKnownFileType = "wrapper.kernel-extension"; path = Lilu.kext; sourceTree = "<group>"; };
		00DCEDEF225F4DE2009F450D /* Cocoa.framework */ = {isa = PBXFileReference; lastKnownFileType = wrapper.framework; name = Cocoa.framework; path = System/Library/Frameworks/Cocoa.framework; sourceTree = SDKROOT; };
		270DCF89175CA27600004E6A /* FnKeysHIKeyboard.cpp */ = {isa = PBXFileReference; fileEncoding = 4; lastKnownFileType = sourcecode.cpp.cpp; path = FnKeysHIKeyboard.cpp; sourceTree = "<group>"; };
		270DCF8A175CA27600004E6A /* FnKeysHIKeyboard.h */ = {isa = PBXFileReference; fileEncoding = 4; lastKnownFileType = sourcecode.c.h; path = FnKeysHIKeyboard.h; sourceTree = "<group>"; };
		270DCF8B175CA27600004E6A /* FnKeysHIKeyboardDevice.cpp */ = {isa = PBXFileReference; fileEncoding = 4; lastKnownFileType = sourcecode.cpp.cpp; path = FnKeysHIKeyboardDevice.cpp; sourceTree = "<group>"; };
		270DCF8C175CA27600004E6A /* FnKeysHIKeyboardDevice.h */ = {isa = PBXFileReference; fileEncoding = 4; lastKnownFileType = sourcecode.c.h; path = FnKeysHIKeyboardDevice.h; sourceTree = "<group>"; };
		27F96DF516333B72003A6255 /* AsusFnKeys.kext */ = {isa = PBXFileReference; explicitFileType = wrapper.cfbundle; includeInIndex = 0; path = AsusFnKeys.kext; sourceTree = BUILT_PRODUCTS_DIR; };
		27F96DFC16333B72003A6255 /* Info.plist */ = {isa = PBXFileReference; lastKnownFileType = text.plist.xml; name = Info.plist; path = AsusFnKeys/Info.plist; sourceTree = "<group>"; };
		27F96E0016333B72003A6255 /* AsusFnKeys.h */ = {isa = PBXFileReference; lastKnownFileType = sourcecode.c.h; path = AsusFnKeys.h; sourceTree = "<group>"; };
		27F96E0116333B72003A6255 /* AsusFnKeys.cpp */ = {isa = PBXFileReference; lastKnownFileType = sourcecode.cpp.cpp; path = AsusFnKeys.cpp; sourceTree = "<group>"; };
		4C0FAD25212B29680016CFFB /* AsusFnKeysDaemon */ = {isa = PBXFileReference; explicitFileType = "compiled.mach-o.executable"; includeInIndex = 0; path = AsusFnKeysDaemon; sourceTree = BUILT_PRODUCTS_DIR; };
		4C0FAD27212B29680016CFFB /* main.m */ = {isa = PBXFileReference; lastKnownFileType = sourcecode.c.objc; path = main.m; sourceTree = "<group>"; };
		4C0FAD2C212B2A0B0016CFFB /* OSD.h */ = {isa = PBXFileReference; fileEncoding = 4; lastKnownFileType = sourcecode.c.h; path = OSD.h; sourceTree = "<group>"; };
		4C0FAD2D212B2A0B0016CFFB /* BezelServices.h */ = {isa = PBXFileReference; fileEncoding = 4; lastKnownFileType = sourcecode.c.h; path = BezelServices.h; sourceTree = "<group>"; };
		4C115057212BBE7E00888D25 /* CoreWLAN.framework */ = {isa = PBXFileReference; lastKnownFileType = wrapper.framework; name = CoreWLAN.framework; path = System/Library/Frameworks/CoreWLAN.framework; sourceTree = SDKROOT; };
		4C115059212BCA6300888D25 /* IOBluetooth.framework */ = {isa = PBXFileReference; lastKnownFileType = wrapper.framework; name = IOBluetooth.framework; path = System/Library/Frameworks/IOBluetooth.framework; sourceTree = SDKROOT; };
		4C1FD878212B275600FB5745 /* KernEventServer.cpp */ = {isa = PBXFileReference; fileEncoding = 4; lastKnownFileType = sourcecode.cpp.cpp; path = KernEventServer.cpp; sourceTree = "<group>"; };
		4C1FD879212B275600FB5745 /* KernEventServer.h */ = {isa = PBXFileReference; fileEncoding = 4; lastKnownFileType = sourcecode.c.h; path = KernEventServer.h; sourceTree = "<group>"; };
		4C21E329212B34F400260AEA /* com.hieplpvip.AsusFnKeysDaemon.plist */ = {isa = PBXFileReference; lastKnownFileType = text.plist.xml; path = com.hieplpvip.AsusFnKeysDaemon.plist; sourceTree = "<group>"; };
/* End PBXFileReference section */

/* Begin PBXFrameworksBuildPhase section */
		27F96DF016333B72003A6255 /* Frameworks */ = {
			isa = PBXFrameworksBuildPhase;
			buildActionMask = 2147483647;
			files = (
			);
			runOnlyForDeploymentPostprocessing = 0;
		};
		4C0FAD22212B29680016CFFB /* Frameworks */ = {
			isa = PBXFrameworksBuildPhase;
			buildActionMask = 2147483647;
			files = (
				4C11505A212BCA6300888D25 /* IOBluetooth.framework in Frameworks */,
				4C115058212BBE7E00888D25 /* CoreWLAN.framework in Frameworks */,
			);
			runOnlyForDeploymentPostprocessing = 0;
		};
/* End PBXFrameworksBuildPhase section */

/* Begin PBXGroup section */
		27F96DE816333B72003A6255 = {
			isa = PBXGroup;
			children = (
				4C1FD877212B273700FB5745 /* KernEventServer */,
				4C34A4B8210102B700028542 /* FnkeysHIKeyboard */,
				27F96DFA16333B72003A6255 /* AsusFnKeys */,
				4C0FAD26212B29680016CFFB /* AsusFnKeysDaemon */,
				27F96DF616333B72003A6255 /* Products */,
				27F96DFC16333B72003A6255 /* Info.plist */,
				4C115056212BBE7E00888D25 /* Frameworks */,
			);
			sourceTree = "<group>";
		};
		27F96DF616333B72003A6255 /* Products */ = {
			isa = PBXGroup;
			children = (
				27F96DF516333B72003A6255 /* AsusFnKeys.kext */,
				4C0FAD25212B29680016CFFB /* AsusFnKeysDaemon */,
			);
			name = Products;
			sourceTree = "<group>";
		};
		27F96DFA16333B72003A6255 /* AsusFnKeys */ = {
			isa = PBXGroup;
			children = (
				27F96E0016333B72003A6255 /* AsusFnKeys.h */,
				27F96E0116333B72003A6255 /* AsusFnKeys.cpp */,
			);
			path = AsusFnKeys;
			sourceTree = "<group>";
		};
		4C0FAD26212B29680016CFFB /* AsusFnKeysDaemon */ = {
			isa = PBXGroup;
			children = (
				4C0FAD2D212B2A0B0016CFFB /* BezelServices.h */,
				4C0FAD2C212B2A0B0016CFFB /* OSD.h */,
				4C0FAD27212B29680016CFFB /* main.m */,
				4C21E329212B34F400260AEA /* com.hieplpvip.AsusFnKeysDaemon.plist */,
			);
			path = AsusFnKeysDaemon;
			sourceTree = "<group>";
		};
		4C115056212BBE7E00888D25 /* Frameworks */ = {
			isa = PBXGroup;
			children = (
				00BD7F81225F67AB00CF4707 /* Lilu.kext */,
				00DCEDEF225F4DE2009F450D /* Cocoa.framework */,
				4C115059212BCA6300888D25 /* IOBluetooth.framework */,
				4C115057212BBE7E00888D25 /* CoreWLAN.framework */,
			);
			name = Frameworks;
			sourceTree = "<group>";
		};
		4C1FD877212B273700FB5745 /* KernEventServer */ = {
			isa = PBXGroup;
			children = (
				4C1FD878212B275600FB5745 /* KernEventServer.cpp */,
				4C1FD879212B275600FB5745 /* KernEventServer.h */,
			);
			path = KernEventServer;
			sourceTree = "<group>";
		};
		4C34A4B8210102B700028542 /* FnkeysHIKeyboard */ = {
			isa = PBXGroup;
			children = (
				270DCF89175CA27600004E6A /* FnKeysHIKeyboard.cpp */,
				270DCF8A175CA27600004E6A /* FnKeysHIKeyboard.h */,
				270DCF8B175CA27600004E6A /* FnKeysHIKeyboardDevice.cpp */,
				270DCF8C175CA27600004E6A /* FnKeysHIKeyboardDevice.h */,
			);
			path = FnkeysHIKeyboard;
			sourceTree = "<group>";
		};
/* End PBXGroup section */

/* Begin PBXHeadersBuildPhase section */
		27F96DF116333B72003A6255 /* Headers */ = {
			isa = PBXHeadersBuildPhase;
			buildActionMask = 2147483647;
			files = (
				270DCF8E175CA27600004E6A /* FnKeysHIKeyboard.h in Headers */,
				270DCF90175CA27600004E6A /* FnKeysHIKeyboardDevice.h in Headers */,
				4C1FD87B212B275600FB5745 /* KernEventServer.h in Headers */,
			);
			runOnlyForDeploymentPostprocessing = 0;
		};
/* End PBXHeadersBuildPhase section */

/* Begin PBXNativeTarget section */
		27F96DF416333B72003A6255 /* AsusFnKeys */ = {
			isa = PBXNativeTarget;
			buildConfigurationList = 27F96E0616333B72003A6255 /* Build configuration list for PBXNativeTarget "AsusFnKeys" */;
			buildPhases = (
				27F96DEF16333B72003A6255 /* Sources */,
				27F96DF016333B72003A6255 /* Frameworks */,
				27F96DF116333B72003A6255 /* Headers */,
				27F96DF216333B72003A6255 /* Resources */,
				27F96DF316333B72003A6255 /* Rez */,
				27F96E2816333F0D003A6255 /* CopyFiles */,
			);
			buildRules = (
			);
			dependencies = (
			);
			name = AsusFnKeys;
			productName = AsusNBWMI;
			productReference = 27F96DF516333B72003A6255 /* AsusFnKeys.kext */;
			productType = "com.apple.product-type.kernel-extension";
		};
		4C0FAD24212B29680016CFFB /* AsusFnKeysDaemon */ = {
			isa = PBXNativeTarget;
			buildConfigurationList = 4C0FAD2B212B29680016CFFB /* Build configuration list for PBXNativeTarget "AsusFnKeysDaemon" */;
			buildPhases = (
				4C0FAD21212B29680016CFFB /* Sources */,
				4C0FAD22212B29680016CFFB /* Frameworks */,
				4C0FAD23212B29680016CFFB /* CopyFiles */,
			);
			buildRules = (
			);
			dependencies = (
			);
			name = AsusFnKeysDaemon;
			productName = AsusFnKeysDaemon;
			productReference = 4C0FAD25212B29680016CFFB /* AsusFnKeysDaemon */;
			productType = "com.apple.product-type.tool";
		};
/* End PBXNativeTarget section */

/* Begin PBXProject section */
		27F96DEA16333B72003A6255 /* Project object */ = {
			isa = PBXProject;
			attributes = {
				LastUpgradeCheck = 0450;
				ORGANIZATIONNAME = "Le Bao Hiep";
			};
			buildConfigurationList = 27F96DED16333B72003A6255 /* Build configuration list for PBXProject "AsusFnKeys" */;
			compatibilityVersion = "Xcode 3.2";
			developmentRegion = English;
			hasScannedForEncodings = 0;
			knownRegions = (
				English,
				en,
			);
			mainGroup = 27F96DE816333B72003A6255;
			productRefGroup = 27F96DF616333B72003A6255 /* Products */;
			projectDirPath = "";
			projectRoot = "";
			targets = (
				27F96DF416333B72003A6255 /* AsusFnKeys */,
				4C0FAD24212B29680016CFFB /* AsusFnKeysDaemon */,
			);
		};
/* End PBXProject section */

/* Begin PBXResourcesBuildPhase section */
		27F96DF216333B72003A6255 /* Resources */ = {
			isa = PBXResourcesBuildPhase;
			buildActionMask = 2147483647;
			files = (
			);
			runOnlyForDeploymentPostprocessing = 0;
		};
/* End PBXResourcesBuildPhase section */

/* Begin PBXRezBuildPhase section */
		27F96DF316333B72003A6255 /* Rez */ = {
			isa = PBXRezBuildPhase;
			buildActionMask = 2147483647;
			files = (
			);
			runOnlyForDeploymentPostprocessing = 0;
		};
/* End PBXRezBuildPhase section */

/* Begin PBXSourcesBuildPhase section */
		27F96DEF16333B72003A6255 /* Sources */ = {
			isa = PBXSourcesBuildPhase;
			buildActionMask = 2147483647;
			files = (
				27F96E0216333B72003A6255 /* AsusFnKeys.cpp in Sources */,
				4C1FD87A212B275600FB5745 /* KernEventServer.cpp in Sources */,
				270DCF8D175CA27600004E6A /* FnKeysHIKeyboard.cpp in Sources */,
				270DCF8F175CA27600004E6A /* FnKeysHIKeyboardDevice.cpp in Sources */,
			);
			runOnlyForDeploymentPostprocessing = 0;
		};
		4C0FAD21212B29680016CFFB /* Sources */ = {
			isa = PBXSourcesBuildPhase;
			buildActionMask = 2147483647;
			files = (
				4C0FAD28212B29680016CFFB /* main.m in Sources */,
			);
			runOnlyForDeploymentPostprocessing = 0;
		};
/* End PBXSourcesBuildPhase section */

/* Begin XCBuildConfiguration section */
		27F96E0416333B72003A6255 /* Debug */ = {
			isa = XCBuildConfiguration;
			buildSettings = {
				ALWAYS_SEARCH_USER_PATHS = NO;
				CLANG_CXX_LANGUAGE_STANDARD = "gnu++0x";
				CLANG_CXX_LIBRARY = "libc++";
				CLANG_WARN_EMPTY_BODY = YES;
				CLANG_WARN__DUPLICATE_METHOD_MATCH = YES;
				COPY_PHASE_STRIP = NO;
				DEBUG_INFORMATION_FORMAT = dwarf;
				GCC_C_LANGUAGE_STANDARD = gnu99;
				GCC_DYNAMIC_NO_PIC = NO;
				GCC_ENABLE_OBJC_EXCEPTIONS = YES;
				GCC_OPTIMIZATION_LEVEL = 0;
				GCC_PREPROCESSOR_DEFINITIONS = (
					"DEBUG=1",
					"$(inherited)",
				);
				GCC_SYMBOLS_PRIVATE_EXTERN = NO;
				GCC_WARN_64_TO_32_BIT_CONVERSION = YES;
				GCC_WARN_ABOUT_RETURN_TYPE = YES;
				GCC_WARN_UNINITIALIZED_AUTOS = YES;
				GCC_WARN_UNUSED_VARIABLE = YES;
				MODULE_NAME = com.hieplpvip.AsusFnKeys;
				MODULE_VERSION = 1.0.2;
			};
			name = Debug;
		};
		27F96E0516333B72003A6255 /* Release */ = {
			isa = XCBuildConfiguration;
			buildSettings = {
				ALWAYS_SEARCH_USER_PATHS = NO;
				CLANG_CXX_LANGUAGE_STANDARD = "gnu++0x";
				CLANG_CXX_LIBRARY = "libc++";
				CLANG_WARN_EMPTY_BODY = YES;
				CLANG_WARN__DUPLICATE_METHOD_MATCH = YES;
				DEBUG_INFORMATION_FORMAT = "dwarf-with-dsym";
				GCC_C_LANGUAGE_STANDARD = gnu99;
				GCC_ENABLE_OBJC_EXCEPTIONS = YES;
				GCC_WARN_64_TO_32_BIT_CONVERSION = YES;
				GCC_WARN_ABOUT_RETURN_TYPE = YES;
				GCC_WARN_UNINITIALIZED_AUTOS = YES;
				GCC_WARN_UNUSED_VARIABLE = YES;
				MODULE_NAME = com.hieplpvip.AsusFnKeys;
				MODULE_VERSION = 1.0.2;
			};
			name = Release;
		};
		27F96E0716333B72003A6255 /* Debug */ = {
			isa = XCBuildConfiguration;
			buildSettings = {
				CURRENT_PROJECT_VERSION = 1.0.2;
				INFOPLIST_FILE = AsusFnKeys/Info.plist;
				MODULE_NAME = com.hieplpvip.AsusFnKeys;
				MODULE_VERSION = 1.0.2;
				OTHER_CPLUSPLUSFLAGS = "-Wno-inconsistent-missing-override";
				PRODUCT_NAME = AsusFnKeys;
				WRAPPER_EXTENSION = kext;
			};
			name = Debug;
		};
		27F96E0816333B72003A6255 /* Release */ = {
			isa = XCBuildConfiguration;
			buildSettings = {
				CURRENT_PROJECT_VERSION = 1.0.2;
				INFOPLIST_FILE = AsusFnKeys/Info.plist;
				MODULE_NAME = com.hieplpvip.AsusFnKeys;
				MODULE_VERSION = 1.0.2;
				OTHER_CPLUSPLUSFLAGS = "-Wno-inconsistent-missing-override";
				PRODUCT_NAME = AsusFnKeys;
				WRAPPER_EXTENSION = kext;
			};
			name = Release;
		};
		4C0FAD29212B29680016CFFB /* Debug */ = {
			isa = XCBuildConfiguration;
			buildSettings = {
				CLANG_ANALYZER_NONNULL = YES;
				CLANG_ANALYZER_NUMBER_OBJECT_CONVERSION = YES_AGGRESSIVE;
				CLANG_CXX_LANGUAGE_STANDARD = "gnu++14";
				CLANG_ENABLE_MODULES = YES;
				CLANG_ENABLE_OBJC_ARC = YES;
				CLANG_ENABLE_OBJC_WEAK = YES;
				CLANG_WARN_BLOCK_CAPTURE_AUTORELEASING = YES;
				CLANG_WARN_BOOL_CONVERSION = YES;
				CLANG_WARN_COMMA = YES;
				CLANG_WARN_CONSTANT_CONVERSION = YES;
				CLANG_WARN_DEPRECATED_OBJC_IMPLEMENTATIONS = YES;
				CLANG_WARN_DIRECT_OBJC_ISA_USAGE = YES_ERROR;
				CLANG_WARN_DOCUMENTATION_COMMENTS = YES;
				CLANG_WARN_ENUM_CONVERSION = YES;
				CLANG_WARN_INFINITE_RECURSION = YES;
				CLANG_WARN_INT_CONVERSION = YES;
				CLANG_WARN_NON_LITERAL_NULL_CONVERSION = YES;
				CLANG_WARN_OBJC_IMPLICIT_RETAIN_SELF = YES;
				CLANG_WARN_OBJC_LITERAL_CONVERSION = YES;
				CLANG_WARN_OBJC_ROOT_CLASS = YES_ERROR;
				CLANG_WARN_RANGE_LOOP_ANALYSIS = YES;
				CLANG_WARN_SUSPICIOUS_MOVE = YES;
				CLANG_WARN_UNGUARDED_AVAILABILITY = YES_AGGRESSIVE;
				CLANG_WARN_UNREACHABLE_CODE = YES;
				ENABLE_TESTABILITY = YES;
				GCC_WARN_ABOUT_RETURN_TYPE = YES_ERROR;
				GCC_WARN_UNDECLARED_SELECTOR = YES;
				GCC_WARN_UNUSED_FUNCTION = YES;
				MODULE_NAME = com.hieplpvip.AsusFnKeysDaemon;
				MODULE_VERSION = 1.0.2;
				MTL_ENABLE_DEBUG_INFO = YES;
				PRODUCT_NAME = "$(TARGET_NAME)";
			};
			name = Debug;
		};
		4C0FAD2A212B29680016CFFB /* Release */ = {
			isa = XCBuildConfiguration;
			buildSettings = {
				CLANG_ANALYZER_NONNULL = YES;
				CLANG_ANALYZER_NUMBER_OBJECT_CONVERSION = YES_AGGRESSIVE;
				CLANG_CXX_LANGUAGE_STANDARD = "gnu++14";
				CLANG_ENABLE_MODULES = YES;
				CLANG_ENABLE_OBJC_ARC = YES;
				CLANG_ENABLE_OBJC_WEAK = YES;
				CLANG_WARN_BLOCK_CAPTURE_AUTORELEASING = YES;
				CLANG_WARN_BOOL_CONVERSION = YES;
				CLANG_WARN_COMMA = YES;
				CLANG_WARN_CONSTANT_CONVERSION = YES;
				CLANG_WARN_DEPRECATED_OBJC_IMPLEMENTATIONS = YES;
				CLANG_WARN_DIRECT_OBJC_ISA_USAGE = YES_ERROR;
				CLANG_WARN_DOCUMENTATION_COMMENTS = YES;
				CLANG_WARN_ENUM_CONVERSION = YES;
				CLANG_WARN_INFINITE_RECURSION = YES;
				CLANG_WARN_INT_CONVERSION = YES;
				CLANG_WARN_NON_LITERAL_NULL_CONVERSION = YES;
				CLANG_WARN_OBJC_IMPLICIT_RETAIN_SELF = YES;
				CLANG_WARN_OBJC_LITERAL_CONVERSION = YES;
				CLANG_WARN_OBJC_ROOT_CLASS = YES_ERROR;
				CLANG_WARN_RANGE_LOOP_ANALYSIS = YES;
				CLANG_WARN_SUSPICIOUS_MOVE = YES;
				CLANG_WARN_UNGUARDED_AVAILABILITY = YES_AGGRESSIVE;
				CLANG_WARN_UNREACHABLE_CODE = YES;
				COPY_PHASE_STRIP = NO;
				ENABLE_NS_ASSERTIONS = NO;
				GCC_WARN_ABOUT_RETURN_TYPE = YES_ERROR;
				GCC_WARN_UNDECLARED_SELECTOR = YES;
				GCC_WARN_UNUSED_FUNCTION = YES;
				MODULE_NAME = com.hieplpvip.AsusFnKeysDaemon;
				MODULE_VERSION = 1.0.2;
				MTL_ENABLE_DEBUG_INFO = NO;
				PRODUCT_NAME = "$(TARGET_NAME)";
			};
			name = Release;
		};
/* End XCBuildConfiguration section */

/* Begin XCConfigurationList section */
		27F96DED16333B72003A6255 /* Build configuration list for PBXProject "AsusFnKeys" */ = {
			isa = XCConfigurationList;
			buildConfigurations = (
				27F96E0416333B72003A6255 /* Debug */,
				27F96E0516333B72003A6255 /* Release */,
			);
			defaultConfigurationIsVisible = 0;
			defaultConfigurationName = Release;
		};
		27F96E0616333B72003A6255 /* Build configuration list for PBXNativeTarget "AsusFnKeys" */ = {
			isa = XCConfigurationList;
			buildConfigurations = (
				27F96E0716333B72003A6255 /* Debug */,
				27F96E0816333B72003A6255 /* Release */,
			);
			defaultConfigurationIsVisible = 0;
			defaultConfigurationName = Release;
		};
		4C0FAD2B212B29680016CFFB /* Build configuration list for PBXNativeTarget "AsusFnKeysDaemon" */ = {
			isa = XCConfigurationList;
			buildConfigurations = (
				4C0FAD29212B29680016CFFB /* Debug */,
				4C0FAD2A212B29680016CFFB /* Release */,
			);
			defaultConfigurationIsVisible = 0;
			defaultConfigurationName = Release;
		};
/* End XCConfigurationList section */
	};
	rootObject = 27F96DEA16333B72003A6255 /* Project object */;
}
